
Microsoft Visual Studio Solution File, Format Version 12.00
# Visual Studio Version 17
VisualStudioVersion = 17.14.36429.23
MinimumVisualStudioVersion = 10.0.40219.1
Project("{2150E333-8FDC-42A3-9474-1A3956D46DE8}") = "src", "src", "{02EA681E-C7D8-13C7-8484-4AC65E1B71E8}"
EndProject
Project("{2150E333-8FDC-42A3-9474-1A3956D46DE8}") = "tests", "tests", "{10959412-129A-448E-8049-30D1D95676B7}"
EndProject
Project("{FAE04EC0-301F-11D3-BF4B-00C04F79EFBC}") = "Vrb.Tests", "tests\Vrb.Tests\Vrb.Tests.csproj", "{59EE33CD-E88B-4D64-97DE-BE7027EE760C}"
EndProject
Project("{FAE04EC0-301F-11D3-BF4B-00C04F79EFBC}") = "Vrb.Core", "src\Vrb.Core\Vrb.Core.csproj", "{EE7B594B-182B-46BA-B063-536ACCBFD168}"
EndProject
Project("{FAE04EC0-301F-11D3-BF4B-00C04F79EFBC}") = "Vrb", "src\Vrb\Vrb.csproj", "{C34E77DD-D2F5-48CB-8020-DBE438AD5068}"
EndProject
Project("{2150E333-8FDC-42A3-9474-1A3956D46DE8}") = "docs", "docs", "{876EB5EF-B027-499A-942E-9A7BB7E75F77}"
	ProjectSection(SolutionItems) = preProject
		README.md = README.md
		TODO.md = TODO.md
		docs\VRB_README.md = docs\VRB_README.md
	EndProjectSection
EndProject
Global
	GlobalSection(SolutionConfigurationPlatforms) = preSolution
		Debug|Any CPU = Debug|Any CPU
		Debug|x64 = Debug|x64
		Debug|x86 = Debug|x86
		Release|Any CPU = Release|Any CPU
		Release|x64 = Release|x64
		Release|x86 = Release|x86
	EndGlobalSection
	GlobalSection(ProjectConfigurationPlatforms) = postSolution
		{59EE33CD-E88B-4D64-97DE-BE7027EE760C}.Debug|Any CPU.ActiveCfg = Debug|Any CPU
		{59EE33CD-E88B-4D64-97DE-BE7027EE760C}.Debug|Any CPU.Build.0 = Debug|Any CPU
		{59EE33CD-E88B-4D64-97DE-BE7027EE760C}.Debug|x64.ActiveCfg = Debug|Any CPU
		{59EE33CD-E88B-4D64-97DE-BE7027EE760C}.Debug|x64.Build.0 = Debug|Any CPU
		{59EE33CD-E88B-4D64-97DE-BE7027EE760C}.Debug|x86.ActiveCfg = Debug|Any CPU
		{59EE33CD-E88B-4D64-97DE-BE7027EE760C}.Debug|x86.Build.0 = Debug|Any CPU
		{59EE33CD-E88B-4D64-97DE-BE7027EE760C}.Release|Any CPU.ActiveCfg = Release|Any CPU
		{59EE33CD-E88B-4D64-97DE-BE7027EE760C}.Release|Any CPU.Build.0 = Release|Any CPU
		{59EE33CD-E88B-4D64-97DE-BE7027EE760C}.Release|x64.ActiveCfg = Release|Any CPU
		{59EE33CD-E88B-4D64-97DE-BE7027EE760C}.Release|x64.Build.0 = Release|Any CPU
		{59EE33CD-E88B-4D64-97DE-BE7027EE760C}.Release|x86.ActiveCfg = Release|Any CPU
		{59EE33CD-E88B-4D64-97DE-BE7027EE760C}.Release|x86.Build.0 = Release|Any CPU
		{EE7B594B-182B-46BA-B063-536ACCBFD168}.Debug|Any CPU.ActiveCfg = Debug|Any CPU
		{EE7B594B-182B-46BA-B063-536ACCBFD168}.Debug|Any CPU.Build.0 = Debug|Any CPU
		{EE7B594B-182B-46BA-B063-536ACCBFD168}.Debug|x64.ActiveCfg = Debug|Any CPU
		{EE7B594B-182B-46BA-B063-536ACCBFD168}.Debug|x64.Build.0 = Debug|Any CPU
		{EE7B594B-182B-46BA-B063-536ACCBFD168}.Debug|x86.ActiveCfg = Debug|Any CPU
		{EE7B594B-182B-46BA-B063-536ACCBFD168}.Debug|x86.Build.0 = Debug|Any CPU
		{EE7B594B-182B-46BA-B063-536ACCBFD168}.Release|Any CPU.ActiveCfg = Release|Any CPU
		{EE7B594B-182B-46BA-B063-536ACCBFD168}.Release|Any CPU.Build.0 = Release|Any CPU
		{EE7B594B-182B-46BA-B063-536ACCBFD168}.Release|x64.ActiveCfg = Release|Any CPU
		{EE7B594B-182B-46BA-B063-536ACCBFD168}.Release|x64.Build.0 = Release|Any CPU
		{EE7B594B-182B-46BA-B063-536ACCBFD168}.Release|x86.ActiveCfg = Release|Any CPU
		{EE7B594B-182B-46BA-B063-536ACCBFD168}.Release|x86.Build.0 = Release|Any CPU
		{C34E77DD-D2F5-48CB-8020-DBE438AD5068}.Debug|Any CPU.ActiveCfg = Debug|Any CPU
		{C34E77DD-D2F5-48CB-8020-DBE438AD5068}.Debug|Any CPU.Build.0 = Debug|Any CPU
		{C34E77DD-D2F5-48CB-8020-DBE438AD5068}.Debug|x64.ActiveCfg = Debug|Any CPU
		{C34E77DD-D2F5-48CB-8020-DBE438AD5068}.Debug|x64.Build.0 = Debug|Any CPU
		{C34E77DD-D2F5-48CB-8020-DBE438AD5068}.Debug|x86.ActiveCfg = Debug|Any CPU
		{C34E77DD-D2F5-48CB-8020-DBE438AD5068}.Debug|x86.Build.0 = Debug|Any CPU
		{C34E77DD-D2F5-48CB-8020-DBE438AD5068}.Release|Any CPU.ActiveCfg = Release|Any CPU
		{C34E77DD-D2F5-48CB-8020-DBE438AD5068}.Release|Any CPU.Build.0 = Release|Any CPU
		{C34E77DD-D2F5-48CB-8020-DBE438AD5068}.Release|x64.ActiveCfg = Release|Any CPU
		{C34E77DD-D2F5-48CB-8020-DBE438AD5068}.Release|x64.Build.0 = Release|Any CPU
		{C34E77DD-D2F5-48CB-8020-DBE438AD5068}.Release|x86.ActiveCfg = Release|Any CPU
		{C34E77DD-D2F5-48CB-8020-DBE438AD5068}.Release|x86.Build.0 = Release|Any CPU
	EndGlobalSection
	GlobalSection(SolutionProperties) = preSolution
		HideSolutionNode = FALSE
	EndGlobalSection
	GlobalSection(NestedProjects) = preSolution
		{59EE33CD-E88B-4D64-97DE-BE7027EE760C} = {10959412-129A-448E-8049-30D1D95676B7}
		{EE7B594B-182B-46BA-B063-536ACCBFD168} = {02EA681E-C7D8-13C7-8484-4AC65E1B71E8}
		{C34E77DD-D2F5-48CB-8020-DBE438AD5068} = {02EA681E-C7D8-13C7-8484-4AC65E1B71E8}
	EndGlobalSection
	GlobalSection(ExtensibilityGlobals) = postSolution
		SolutionGuid = {C45774D3-A15B-4130-BCF9-8B3A43CA53CE}
	EndGlobalSection
EndGlobal
